
Microsoft Visual Studio Solution File, Format Version 12.00
# Visual Studio Version 17
VisualStudioVersion = 17.5.002.0
MinimumVisualStudioVersion = 10.0.40219.1
Project("{2150E333-8FDC-42A3-9474-1A3956D46DE8}") = "csharp-prep", "csharp-prep", "{D3A96732-EAA7-4D26-8425-A34909AF8295}"
EndProject
Project("{9A19103F-16F7-4668-BE54-9A1E7A4F7556}") = "Prep1", "csharp-prep\Prep1\Prep1.csproj", "{D954B860-C760-4BBF-8EB0-476117458C24}"
EndProject
Project("{9A19103F-16F7-4668-BE54-9A1E7A4F7556}") = "Prep2", "csharp-prep\Prep2\Prep2.csproj", "{6D726BA7-6454-47FA-B162-42147F5348FD}"
EndProject
Project("{9A19103F-16F7-4668-BE54-9A1E7A4F7556}") = "Prep3", "csharp-prep\Prep3\Prep3.csproj", "{E1CBD05F-11A0-47CF-86A2-1702B61F9216}"
EndProject
Project("{9A19103F-16F7-4668-BE54-9A1E7A4F7556}") = "Prep4", "csharp-prep\Prep4\Prep4.csproj", "{59437779-B97A-46DF-981C-660F75E8CF4F}"
EndProject
Project("{9A19103F-16F7-4668-BE54-9A1E7A4F7556}") = "Prep5", "csharp-prep\Prep5\Prep5.csproj", "{FE0608D7-707A-4DD5-97CB-EAA3836C8896}"
EndProject
Project("{2150E333-8FDC-42A3-9474-1A3956D46DE8}") = "final", "final", "{9DA8463D-1A57-4FD0-B7C1-15551AF74412}"
EndProject
Project("{9A19103F-16F7-4668-BE54-9A1E7A4F7556}") = "FinalProject", "final\FinalProject\FinalProject.csproj", "{5F329743-E8C7-4C30-8A11-122E9C858527}"
EndProject
Project("{9A19103F-16F7-4668-BE54-9A1E7A4F7556}") = "Foundation1", "final\Foundation1\Foundation1.csproj", "{44888167-050F-4D7D-AEED-2244E82E2A1D}"
EndProject
Project("{9A19103F-16F7-4668-BE54-9A1E7A4F7556}") = "Foundation2", "final\Foundation2\Foundation2.csproj", "{47E5798E-4E3B-4A98-9968-61DC6AD9A060}"
EndProject
Project("{9A19103F-16F7-4668-BE54-9A1E7A4F7556}") = "Foundation3", "final\Foundation3\Foundation3.csproj", "{DD18FCCF-BD3F-4E62-9D07-A8DAEA652299}"
EndProject
Project("{9A19103F-16F7-4668-BE54-9A1E7A4F7556}") = "Foundation4", "final\Foundation4\Foundation4.csproj", "{265B0534-AB26-4B1F-AFE0-1C543A85B8FB}"
EndProject
Project("{2150E333-8FDC-42A3-9474-1A3956D46DE8}") = "prepare", "prepare", "{2E5553C7-5B4A-4175-8A78-B54013C01A0D}"
EndProject
Project("{9A19103F-16F7-4668-BE54-9A1E7A4F7556}") = "Learning02", "prepare\Learning02\Learning02.csproj", "{B4F8A6B1-DCD3-4A2F-B242-6087B4B9D79B}"
EndProject
Project("{9A19103F-16F7-4668-BE54-9A1E7A4F7556}") = "Learning03", "prepare\Learning03\Learning03.csproj", "{0903916D-E9F6-418F-A64F-75ADE6C50EB2}"
EndProject
Project("{9A19103F-16F7-4668-BE54-9A1E7A4F7556}") = "Learning04", "prepare\Learning04\Learning04.csproj", "{E4819D60-30C3-47C4-9AB8-CF2BD72CEE8B}"
EndProject
Project("{9A19103F-16F7-4668-BE54-9A1E7A4F7556}") = "Learning05", "prepare\Learning05\Learning05.csproj", "{F98E0BC9-6C12-4C56-A3F2-F037BA474864}"
EndProject
Project("{2150E333-8FDC-42A3-9474-1A3956D46DE8}") = "prove", "prove", "{46563F92-9A1C-4CDF-B444-79189862606E}"
EndProject
Project("{9A19103F-16F7-4668-BE54-9A1E7A4F7556}") = "Develop02", "prove\Develop02\Develop02.csproj", "{FB33F814-CC5B-4FD5-9EB3-5452E61077BB}"
EndProject
Project("{9A19103F-16F7-4668-BE54-9A1E7A4F7556}") = "Develop03", "prove\Develop03\Develop03.csproj", "{86D99419-8030-4256-BB0F-FC7ED8041F27}"
EndProject
Project("{9A19103F-16F7-4668-BE54-9A1E7A4F7556}") = "Develop04", "prove\Develop04\Develop04.csproj", "{20476572-7B11-4EF5-AEF1-08AC94FC16AD}"
EndProject
Project("{9A19103F-16F7-4668-BE54-9A1E7A4F7556}") = "Develop05", "prove\Develop05\Develop05.csproj", "{9ACFBBC8-84EF-4CE4-87C2-D13D71C9D19B}"
EndProject
Project("{2150E333-8FDC-42A3-9474-1A3956D46DE8}") = "sandbox", "sandbox", "{13262D9F-FE98-4F3F-9867-63BF1D3959CA}"
EndProject
Project("{9A19103F-16F7-4668-BE54-9A1E7A4F7556}") = "Sandbox", "sandbox\Sandbox\Sandbox.csproj", "{BF4B5C3D-B14F-4987-923E-C0A346DE80CA}"
EndProject
Global
	GlobalSection(SolutionConfigurationPlatforms) = preSolution
		Debug|Any CPU = Debug|Any CPU
		Release|Any CPU = Release|Any CPU
	EndGlobalSection
	GlobalSection(ProjectConfigurationPlatforms) = postSolution
		{D954B860-C760-4BBF-8EB0-476117458C24}.Debug|Any CPU.ActiveCfg = Debug|Any CPU
		{D954B860-C760-4BBF-8EB0-476117458C24}.Debug|Any CPU.Build.0 = Debug|Any CPU
		{D954B860-C760-4BBF-8EB0-476117458C24}.Release|Any CPU.ActiveCfg = Release|Any CPU
		{D954B860-C760-4BBF-8EB0-476117458C24}.Release|Any CPU.Build.0 = Release|Any CPU
		{6D726BA7-6454-47FA-B162-42147F5348FD}.Debug|Any CPU.ActiveCfg = Debug|Any CPU
		{6D726BA7-6454-47FA-B162-42147F5348FD}.Debug|Any CPU.Build.0 = Debug|Any CPU
		{6D726BA7-6454-47FA-B162-42147F5348FD}.Release|Any CPU.ActiveCfg = Release|Any CPU
		{6D726BA7-6454-47FA-B162-42147F5348FD}.Release|Any CPU.Build.0 = Release|Any CPU
		{E1CBD05F-11A0-47CF-86A2-1702B61F9216}.Debug|Any CPU.ActiveCfg = Debug|Any CPU
		{E1CBD05F-11A0-47CF-86A2-1702B61F9216}.Debug|Any CPU.Build.0 = Debug|Any CPU
		{E1CBD05F-11A0-47CF-86A2-1702B61F9216}.Release|Any CPU.ActiveCfg = Release|Any CPU
		{E1CBD05F-11A0-47CF-86A2-1702B61F9216}.Release|Any CPU.Build.0 = Release|Any CPU
		{59437779-B97A-46DF-981C-660F75E8CF4F}.Debug|Any CPU.ActiveCfg = Debug|Any CPU
		{59437779-B97A-46DF-981C-660F75E8CF4F}.Debug|Any CPU.Build.0 = Debug|Any CPU
		{59437779-B97A-46DF-981C-660F75E8CF4F}.Release|Any CPU.ActiveCfg = Release|Any CPU
		{59437779-B97A-46DF-981C-660F75E8CF4F}.Release|Any CPU.Build.0 = Release|Any CPU
		{FE0608D7-707A-4DD5-97CB-EAA3836C8896}.Debug|Any CPU.ActiveCfg = Debug|Any CPU
		{FE0608D7-707A-4DD5-97CB-EAA3836C8896}.Debug|Any CPU.Build.0 = Debug|Any CPU
		{FE0608D7-707A-4DD5-97CB-EAA3836C8896}.Release|Any CPU.ActiveCfg = Release|Any CPU
		{FE0608D7-707A-4DD5-97CB-EAA3836C8896}.Release|Any CPU.Build.0 = Release|Any CPU
		{5F329743-E8C7-4C30-8A11-122E9C858527}.Debug|Any CPU.ActiveCfg = Debug|Any CPU
		{5F329743-E8C7-4C30-8A11-122E9C858527}.Debug|Any CPU.Build.0 = Debug|Any CPU
		{5F329743-E8C7-4C30-8A11-122E9C858527}.Release|Any CPU.ActiveCfg = Release|Any CPU
		{5F329743-E8C7-4C30-8A11-122E9C858527}.Release|Any CPU.Build.0 = Release|Any CPU
		{44888167-050F-4D7D-AEED-2244E82E2A1D}.Debug|Any CPU.ActiveCfg = Debug|Any CPU
		{44888167-050F-4D7D-AEED-2244E82E2A1D}.Debug|Any CPU.Build.0 = Debug|Any CPU
		{44888167-050F-4D7D-AEED-2244E82E2A1D}.Release|Any CPU.ActiveCfg = Release|Any CPU
		{44888167-050F-4D7D-AEED-2244E82E2A1D}.Release|Any CPU.Build.0 = Release|Any CPU
		{47E5798E-4E3B-4A98-9968-61DC6AD9A060}.Debug|Any CPU.ActiveCfg = Debug|Any CPU
		{47E5798E-4E3B-4A98-9968-61DC6AD9A060}.Debug|Any CPU.Build.0 = Debug|Any CPU
		{47E5798E-4E3B-4A98-9968-61DC6AD9A060}.Release|Any CPU.ActiveCfg = Release|Any CPU
		{47E5798E-4E3B-4A98-9968-61DC6AD9A060}.Release|Any CPU.Build.0 = Release|Any CPU
		{DD18FCCF-BD3F-4E62-9D07-A8DAEA652299}.Debug|Any CPU.ActiveCfg = Debug|Any CPU
		{DD18FCCF-BD3F-4E62-9D07-A8DAEA652299}.Debug|Any CPU.Build.0 = Debug|Any CPU
		{DD18FCCF-BD3F-4E62-9D07-A8DAEA652299}.Release|Any CPU.ActiveCfg = Release|Any CPU
		{DD18FCCF-BD3F-4E62-9D07-A8DAEA652299}.Release|Any CPU.Build.0 = Release|Any CPU
		{265B0534-AB26-4B1F-AFE0-1C543A85B8FB}.Debug|Any CPU.ActiveCfg = Debug|Any CPU
		{265B0534-AB26-4B1F-AFE0-1C543A85B8FB}.Debug|Any CPU.Build.0 = Debug|Any CPU
		{265B0534-AB26-4B1F-AFE0-1C543A85B8FB}.Release|Any CPU.ActiveCfg = Release|Any CPU
		{265B0534-AB26-4B1F-AFE0-1C543A85B8FB}.Release|Any CPU.Build.0 = Release|Any CPU
		{B4F8A6B1-DCD3-4A2F-B242-6087B4B9D79B}.Debug|Any CPU.ActiveCfg = Debug|Any CPU
		{B4F8A6B1-DCD3-4A2F-B242-6087B4B9D79B}.Debug|Any CPU.Build.0 = Debug|Any CPU
		{B4F8A6B1-DCD3-4A2F-B242-6087B4B9D79B}.Release|Any CPU.ActiveCfg = Release|Any CPU
		{B4F8A6B1-DCD3-4A2F-B242-6087B4B9D79B}.Release|Any CPU.Build.0 = Release|Any CPU
		{0903916D-E9F6-418F-A64F-75ADE6C50EB2}.Debug|Any CPU.ActiveCfg = Debug|Any CPU
		{0903916D-E9F6-418F-A64F-75ADE6C50EB2}.Debug|Any CPU.Build.0 = Debug|Any CPU
		{0903916D-E9F6-418F-A64F-75ADE6C50EB2}.Release|Any CPU.ActiveCfg = Release|Any CPU
		{0903916D-E9F6-418F-A64F-75ADE6C50EB2}.Release|Any CPU.Build.0 = Release|Any CPU
		{E4819D60-30C3-47C4-9AB8-CF2BD72CEE8B}.Debug|Any CPU.ActiveCfg = Debug|Any CPU
		{E4819D60-30C3-47C4-9AB8-CF2BD72CEE8B}.Debug|Any CPU.Build.0 = Debug|Any CPU
		{E4819D60-30C3-47C4-9AB8-CF2BD72CEE8B}.Release|Any CPU.ActiveCfg = Release|Any CPU
		{E4819D60-30C3-47C4-9AB8-CF2BD72CEE8B}.Release|Any CPU.Build.0 = Release|Any CPU
		{F98E0BC9-6C12-4C56-A3F2-F037BA474864}.Debug|Any CPU.ActiveCfg = Debug|Any CPU
		{F98E0BC9-6C12-4C56-A3F2-F037BA474864}.Debug|Any CPU.Build.0 = Debug|Any CPU
		{F98E0BC9-6C12-4C56-A3F2-F037BA474864}.Release|Any CPU.ActiveCfg = Release|Any CPU
		{F98E0BC9-6C12-4C56-A3F2-F037BA474864}.Release|Any CPU.Build.0 = Release|Any CPU
		{FB33F814-CC5B-4FD5-9EB3-5452E61077BB}.Debug|Any CPU.ActiveCfg = Debug|Any CPU
		{FB33F814-CC5B-4FD5-9EB3-5452E61077BB}.Debug|Any CPU.Build.0 = Debug|Any CPU
		{FB33F814-CC5B-4FD5-9EB3-5452E61077BB}.Release|Any CPU.ActiveCfg = Release|Any CPU
		{FB33F814-CC5B-4FD5-9EB3-5452E61077BB}.Release|Any CPU.Build.0 = Release|Any CPU
		{86D99419-8030-4256-BB0F-FC7ED8041F27}.Debug|Any CPU.ActiveCfg = Debug|Any CPU
		{86D99419-8030-4256-BB0F-FC7ED8041F27}.Debug|Any CPU.Build.0 = Debug|Any CPU
		{86D99419-8030-4256-BB0F-FC7ED8041F27}.Release|Any CPU.ActiveCfg = Release|Any CPU
		{86D99419-8030-4256-BB0F-FC7ED8041F27}.Release|Any CPU.Build.0 = Release|Any CPU
		{20476572-7B11-4EF5-AEF1-08AC94FC16AD}.Debug|Any CPU.ActiveCfg = Debug|Any CPU
		{20476572-7B11-4EF5-AEF1-08AC94FC16AD}.Debug|Any CPU.Build.0 = Debug|Any CPU
		{20476572-7B11-4EF5-AEF1-08AC94FC16AD}.Release|Any CPU.ActiveCfg = Release|Any CPU
		{20476572-7B11-4EF5-AEF1-08AC94FC16AD}.Release|Any CPU.Build.0 = Release|Any CPU
		{9ACFBBC8-84EF-4CE4-87C2-D13D71C9D19B}.Debug|Any CPU.ActiveCfg = Debug|Any CPU
		{9ACFBBC8-84EF-4CE4-87C2-D13D71C9D19B}.Debug|Any CPU.Build.0 = Debug|Any CPU
		{9ACFBBC8-84EF-4CE4-87C2-D13D71C9D19B}.Release|Any CPU.ActiveCfg = Release|Any CPU
		{9ACFBBC8-84EF-4CE4-87C2-D13D71C9D19B}.Release|Any CPU.Build.0 = Release|Any CPU
		{BF4B5C3D-B14F-4987-923E-C0A346DE80CA}.Debug|Any CPU.ActiveCfg = Debug|Any CPU
		{BF4B5C3D-B14F-4987-923E-C0A346DE80CA}.Debug|Any CPU.Build.0 = Debug|Any CPU
		{BF4B5C3D-B14F-4987-923E-C0A346DE80CA}.Release|Any CPU.ActiveCfg = Release|Any CPU
		{BF4B5C3D-B14F-4987-923E-C0A346DE80CA}.Release|Any CPU.Build.0 = Release|Any CPU
	EndGlobalSection
	GlobalSection(SolutionProperties) = preSolution
		HideSolutionNode = FALSE
	EndGlobalSection
	GlobalSection(NestedProjects) = preSolution
		{D954B860-C760-4BBF-8EB0-476117458C24} = {D3A96732-EAA7-4D26-8425-A34909AF8295}
		{6D726BA7-6454-47FA-B162-42147F5348FD} = {D3A96732-EAA7-4D26-8425-A34909AF8295}
		{E1CBD05F-11A0-47CF-86A2-1702B61F9216} = {D3A96732-EAA7-4D26-8425-A34909AF8295}
		{59437779-B97A-46DF-981C-660F75E8CF4F} = {D3A96732-EAA7-4D26-8425-A34909AF8295}
		{FE0608D7-707A-4DD5-97CB-EAA3836C8896} = {D3A96732-EAA7-4D26-8425-A34909AF8295}
		{5F329743-E8C7-4C30-8A11-122E9C858527} = {9DA8463D-1A57-4FD0-B7C1-15551AF74412}
		{44888167-050F-4D7D-AEED-2244E82E2A1D} = {9DA8463D-1A57-4FD0-B7C1-15551AF74412}
		{47E5798E-4E3B-4A98-9968-61DC6AD9A060} = {9DA8463D-1A57-4FD0-B7C1-15551AF74412}
		{DD18FCCF-BD3F-4E62-9D07-A8DAEA652299} = {9DA8463D-1A57-4FD0-B7C1-15551AF74412}
		{265B0534-AB26-4B1F-AFE0-1C543A85B8FB} = {9DA8463D-1A57-4FD0-B7C1-15551AF74412}
		{B4F8A6B1-DCD3-4A2F-B242-6087B4B9D79B} = {2E5553C7-5B4A-4175-8A78-B54013C01A0D}
		{0903916D-E9F6-418F-A64F-75ADE6C50EB2} = {2E5553C7-5B4A-4175-8A78-B54013C01A0D}
		{E4819D60-30C3-47C4-9AB8-CF2BD72CEE8B} = {2E5553C7-5B4A-4175-8A78-B54013C01A0D}
		{F98E0BC9-6C12-4C56-A3F2-F037BA474864} = {2E5553C7-5B4A-4175-8A78-B54013C01A0D}
		{FB33F814-CC5B-4FD5-9EB3-5452E61077BB} = {46563F92-9A1C-4CDF-B444-79189862606E}
		{86D99419-8030-4256-BB0F-FC7ED8041F27} = {46563F92-9A1C-4CDF-B444-79189862606E}
		{20476572-7B11-4EF5-AEF1-08AC94FC16AD} = {46563F92-9A1C-4CDF-B444-79189862606E}
		{9ACFBBC8-84EF-4CE4-87C2-D13D71C9D19B} = {46563F92-9A1C-4CDF-B444-79189862606E}
		{BF4B5C3D-B14F-4987-923E-C0A346DE80CA} = {13262D9F-FE98-4F3F-9867-63BF1D3959CA}
	EndGlobalSection
	GlobalSection(ExtensibilityGlobals) = postSolution
		SolutionGuid = {7B714DF1-56B3-4A33-BCF7-C0273F04B6FB}
	EndGlobalSection
EndGlobal
